{
  "originHash" : "98369f823c571e35cdd0811bfed740a32b561299eed4f6317b8b3f6fe5c658f3",
  "pins" : [
    {
      "identity" : "alamofire",
      "kind" : "remoteSourceControl",
      "location" : "https://github.com/Alamofire/Alamofire",
      "state" : {
        "revision" : "8dd85aee02e39dd280c75eef88ffdb86eed4b07b",
        "version" : "5.6.2"
      }
    },
    {
      "identity" : "alertkit",
      "kind" : "remoteSourceControl",
      "location" : "https://github.com/sparrowcode/AlertKit",
      "state" : {
        "revision" : "5fd3e2923d26f0f0b40f0e6c10fca458a61a73c4",
        "version" : "4.2.0"
      }
    },
    {
      "identity" : "combine-schedulers",
      "kind" : "remoteSourceControl",
      "location" : "https://github.com/pointfreeco/combine-schedulers",
      "state" : {
        "revision" : "9dc9cbe4bc45c65164fa653a563d8d8db61b09bb",
        "version" : "1.0.0"
      }
    },
    {
      "identity" : "lnpopupcontroller",
      "kind" : "remoteSourceControl",
      "location" : "https://github.com/LeoNatan/LNPopupController.git",
      "state" : {
        "revision" : "be669a1bff4cb88655b3827226a1b4d14e2e5508",
        "version" : "2.14.8"
      }
    },
    {
      "identity" : "ohhttpstubs",
      "kind" : "remoteSourceControl",
      "location" : "https://github.com/AliSoftware/OHHTTPStubs",
      "state" : {
        "revision" : "12f19662426d0434d6c330c6974d53e2eb10ecd9",
        "version" : "9.1.0"
      }
    },
    {
      "identity" : "swift-case-paths",
      "kind" : "remoteSourceControl",
      "location" : "https://github.com/pointfreeco/swift-case-paths",
      "state" : {
        "revision" : "5da6989aae464f324eef5c5b52bdb7974725ab81",
        "version" : "1.0.0"
      }
    },
    {
      "identity" : "swift-clocks",
      "kind" : "remoteSourceControl",
      "location" : "https://github.com/pointfreeco/swift-clocks",
      "state" : {
        "revision" : "d1fd837326aa719bee979bdde1f53cd5797443eb",
        "version" : "1.0.0"
      }
    },
    {
      "identity" : "swift-collections",
      "kind" : "remoteSourceControl",
      "location" : "https://github.com/apple/swift-collections",
      "state" : {
        "revision" : "48254824bb4248676bf7ce56014ff57b142b77eb",
        "version" : "1.0.2"
      }
    },
    {
      "identity" : "swift-composable-architecture",
      "kind" : "remoteSourceControl",
      "location" : "https://github.com/pointfreeco/swift-composable-architecture",
      "state" : {
        "revision" : "195284b94b799b326729640453f547f08892293a",
        "version" : "1.0.0"
      }
    },
    {
      "identity" : "swift-concurrency-extras",
      "kind" : "remoteSourceControl",
      "location" : "https://github.com/pointfreeco/swift-concurrency-extras",
      "state" : {
        "revision" : "ea631ce892687f5432a833312292b80db238186a",
        "version" : "1.0.0"
      }
    },
    {
      "identity" : "swift-custom-dump",
      "kind" : "remoteSourceControl",
      "location" : "https://github.com/pointfreeco/swift-custom-dump",
      "state" : {
        "revision" : "f01efb26f3a192a0e88dcdb7c3c391ec2fc25d9c",
        "version" : "1.3.0"
      }
    },
    {
      "identity" : "swift-dependencies",
      "kind" : "remoteSourceControl",
      "location" : "https://github.com/pointfreeco/swift-dependencies",
      "state" : {
        "revision" : "4e1eb6e28afe723286d8cc60611237ffbddba7c5",
        "version" : "1.0.0"
      }
    },
    {
      "identity" : "swift-identified-collections",
      "kind" : "remoteSourceControl",
      "location" : "https://github.com/pointfreeco/swift-identified-collections",
      "state" : {
        "revision" : "d1e45f3e1eee2c9193f5369fa9d70a6ddad635e8",
        "version" : "1.0.0"
      }
    },
    {
      "identity" : "swiftui-navigation",
      "kind" : "remoteSourceControl",
      "location" : "https://github.com/pointfreeco/swiftui-navigation",
      "state" : {
        "revision" : "f5bcdac5b6bb3f826916b14705f37a3937c2fd34",
        "version" : "1.0.0"
      }
    },
    {
      "identity" : "turbo-ios",
      "kind" : "remoteSourceControl",
      "location" : "https://github.com/hotwired/turbo-ios",
      "state" : {
        "revision" : "7ce71d4210b077d6e9f1004bbc4c584a580ce594",
        "version" : "7.0.1"
      }
    },
    {
      "identity" : "xctest-dynamic-overlay",
      "kind" : "remoteSourceControl",
      "location" : "https://github.com/pointfreeco/xctest-dynamic-overlay",
      "state" : {
        "revision" : "302891700c7fa3b92ebde9fe7b42933f8349f3c7",
        "version" : "1.0.0"
      }
    }
  ],
  "version" : 3
}
