// !$*UTF8*$!
{
	archiveVersion = 1;
	classes = {
	};
	objectVersion = 55;
	objects = {

/* Begin PBXBuildFile section */
		642B04ED2A02376400EEF844 /* CookiesClientTests.swift in Sources */ = {isa = PBXBuildFile; fileRef = 642B04EC2A02376400EEF844 /* CookiesClientTests.swift */; };
		6431DDF02963D0240013F135 /* PlayerViewController.swift in Sources */ = {isa = PBXBuildFile; fileRef = 6431DDEF2963D0240013F135 /* PlayerViewController.swift */; };
		6431DDF6296410650013F135 /* SideBarView.swift in Sources */ = {isa = PBXBuildFile; fileRef = 6431DDF5296410650013F135 /* SideBarView.swift */; };
		6431DDF82964167E0013F135 /* NotificationName.swift in Sources */ = {isa = PBXBuildFile; fileRef = 6431DDF72964167E0013F135 /* NotificationName.swift */; };
		6435D831296CFEE80068CC51 /* SystemInfo.swift in Sources */ = {isa = PBXBuildFile; fileRef = 6435D830296CFEE80068CC51 /* SystemInfo.swift */; };
		6435D833296D4E620068CC51 /* ServerAddressView.swift in Sources */ = {isa = PBXBuildFile; fileRef = 6435D832296D4E620068CC51 /* ServerAddressView.swift */; };
		6435D835296D5E7D0068CC51 /* ServerAddressState.swift in Sources */ = {isa = PBXBuildFile; fileRef = 6435D834296D5E7D0068CC51 /* ServerAddressState.swift */; };
		643C0B4F299A5CEC0077EF8D /* UserTests.swift in Sources */ = {isa = PBXBuildFile; fileRef = 643C0B4E299A5CEC0077EF8D /* UserTests.swift */; };
		644E9B41295AC796000DB3E3 /* SideBarNavigationViewController.swift in Sources */ = {isa = PBXBuildFile; fileRef = 644E9B40295AC796000DB3E3 /* SideBarNavigationViewController.swift */; };
		644E9B43295AC7C0000DB3E3 /* TabBarViewController.swift in Sources */ = {isa = PBXBuildFile; fileRef = 644E9B42295AC7C0000DB3E3 /* TabBarViewController.swift */; };
		645B8A7A2962ACD700E15B9C /* BlackCandyApp.swift in Sources */ = {isa = PBXBuildFile; fileRef = 645B8A792962ACD700E15B9C /* BlackCandyApp.swift */; };
		645D7067299B18F30020146A /* PlaylistTests.swift in Sources */ = {isa = PBXBuildFile; fileRef = 645D7066299B18F30020146A /* PlaylistTests.swift */; };
		645D706A299B26140020146A /* songs.json in Resources */ = {isa = PBXBuildFile; fileRef = 645D7069299B26140020146A /* songs.json */; };
		645D706C299B52EA0020146A /* TestHelper.swift in Sources */ = {isa = PBXBuildFile; fileRef = 645D706B299B52EA0020146A /* TestHelper.swift */; };
		645D706E299B5E660020146A /* SongTests.swift in Sources */ = {isa = PBXBuildFile; fileRef = 645D706D299B5E660020146A /* SongTests.swift */; };
		645D7070299B5F8E0020146A /* SystemInfoTests.swift in Sources */ = {isa = PBXBuildFile; fileRef = 645D706F299B5F8E0020146A /* SystemInfoTests.swift */; };
		646315252971A2910016EBCA /* LNPopupController in Frameworks */ = {isa = PBXBuildFile; productRef = 646315242971A2910016EBCA /* LNPopupController */; };
		646315262971A2AF0016EBCA /* LNPopupController in Embed Frameworks */ = {isa = PBXBuildFile; productRef = 646315242971A2910016EBCA /* LNPopupController */; settings = {ATTRIBUTES = (CodeSignOnCopy, ); }; };
		6468E62F2A00D22900475EC0 /* UserDefaultsClientTests.swift in Sources */ = {isa = PBXBuildFile; fileRef = 6468E62E2A00D22900475EC0 /* UserDefaultsClientTests.swift */; };
		647623782949A77C00333378 /* AppReducer.swift in Sources */ = {isa = PBXBuildFile; fileRef = 647623772949A77C00333378 /* AppReducer.swift */; };
		6476237A2949B1C200333378 /* AppDependency.swift in Sources */ = {isa = PBXBuildFile; fileRef = 647623792949B1C200333378 /* AppDependency.swift */; };
		6476237C2949B60300333378 /* PlayerReducer.swift in Sources */ = {isa = PBXBuildFile; fileRef = 6476237B2949B60300333378 /* PlayerReducer.swift */; };
		648AA710299F59D2002EED64 /* APIClientTests.swift in Sources */ = {isa = PBXBuildFile; fileRef = 648AA70F299F59D2002EED64 /* APIClientTests.swift */; };
		648AA716299F6D8F002EED64 /* OHHTTPStubsSwift in Frameworks */ = {isa = PBXBuildFile; productRef = 648AA715299F6D8F002EED64 /* OHHTTPStubsSwift */; };
		64B40E2729519E43009726CE /* HomeView.swift in Sources */ = {isa = PBXBuildFile; fileRef = 64B40E2629519E43009726CE /* HomeView.swift */; };
		64BBD7AA2A03772400070572 /* KeychainClientTests.swift in Sources */ = {isa = PBXBuildFile; fileRef = 64BBD7A92A03772400070572 /* KeychainClientTests.swift */; };
		64BBD7AC2A03808B00070572 /* JSONDataClientTests.swift in Sources */ = {isa = PBXBuildFile; fileRef = 64BBD7AB2A03808B00070572 /* JSONDataClientTests.swift */; };
		64BE5470295D767100D3786F /* SplitViewController.swift in Sources */ = {isa = PBXBuildFile; fileRef = 64BE546F295D767100D3786F /* SplitViewController.swift */; };
		64D6BC72299C7750005B1078 /* CustomFormatterTests.swift in Sources */ = {isa = PBXBuildFile; fileRef = 64D6BC71299C7750005B1078 /* CustomFormatterTests.swift */; };
		64D6BC75299C7E9D005B1078 /* LoginStateTests.swift in Sources */ = {isa = PBXBuildFile; fileRef = 64D6BC74299C7E9D005B1078 /* LoginStateTests.swift */; };
		64D6BC77299C8658005B1078 /* ServerAddressStateTests.swift in Sources */ = {isa = PBXBuildFile; fileRef = 64D6BC76299C8658005B1078 /* ServerAddressStateTests.swift */; };
		DD0A346C28E3E02E002211AE /* PlayerSliderView.swift in Sources */ = {isa = PBXBuildFile; fileRef = DD0A346B28E3E02E002211AE /* PlayerSliderView.swift */; };
		DD18369327CC9FF60018ECF5 /* TurboSession.swift in Sources */ = {isa = PBXBuildFile; fileRef = DD18369227CC9FF60018ECF5 /* TurboSession.swift */; };
		DD2332BE28FE49AA005E3F4F /* AppStore.swift in Sources */ = {isa = PBXBuildFile; fileRef = DD2332BD28FE49AA005E3F4F /* AppStore.swift */; };
		DD4D05A028BDA3410035D26D /* AccountView.swift in Sources */ = {isa = PBXBuildFile; fileRef = DD4D059F28BDA3410035D26D /* AccountView.swift */; };
		DD4D05A328BDE7810035D26D /* User.swift in Sources */ = {isa = PBXBuildFile; fileRef = DD4D05A228BDE7810035D26D /* User.swift */; };
		DD4D05A528BDE9520035D26D /* JSONDataClient.swift in Sources */ = {isa = PBXBuildFile; fileRef = DD4D05A428BDE9520035D26D /* JSONDataClient.swift */; };
		DD522C312900EACB008FE88D /* path-configuration.json in Resources */ = {isa = PBXBuildFile; fileRef = DD522C302900EACB008FE88D /* path-configuration.json */; };
		DD62F4D027C769CE005A5D0B /* Assets.xcassets in Resources */ = {isa = PBXBuildFile; fileRef = DD62F4CF27C769CE005A5D0B /* Assets.xcassets */; };
		DD62F4D327C769CE005A5D0B /* Preview Assets.xcassets in Resources */ = {isa = PBXBuildFile; fileRef = DD62F4D227C769CE005A5D0B /* Preview Assets.xcassets */; };
		DD62F4E727C769CE005A5D0B /* BlackCandyUITests.swift in Sources */ = {isa = PBXBuildFile; fileRef = DD62F4E627C769CE005A5D0B /* BlackCandyUITests.swift */; };
		DD62F4E927C769CE005A5D0B /* BlackCandyUITestsLaunchTests.swift in Sources */ = {isa = PBXBuildFile; fileRef = DD62F4E827C769CE005A5D0B /* BlackCandyUITestsLaunchTests.swift */; };
		DD62F4F727C76C13005A5D0B /* Turbo in Frameworks */ = {isa = PBXBuildFile; productRef = DD62F4F627C76C13005A5D0B /* Turbo */; };
		DD62F4F927C76D06005A5D0B /* TurboView.swift in Sources */ = {isa = PBXBuildFile; fileRef = DD62F4F827C76D06005A5D0B /* TurboView.swift */; };
		DD6E0EA32884FEE100F39DB3 /* ComposableArchitecture in Frameworks */ = {isa = PBXBuildFile; productRef = DD6E0EA22884FEE100F39DB3 /* ComposableArchitecture */; };
		DD6E0EAE2885380C00F39DB3 /* LoginView.swift in Sources */ = {isa = PBXBuildFile; fileRef = DD6E0EAD2885380C00F39DB3 /* LoginView.swift */; };
		DD751E052886835600B8128E /* LoginState.swift in Sources */ = {isa = PBXBuildFile; fileRef = DD751E042886835600B8128E /* LoginState.swift */; };
		DD751E0928869C4700B8128E /* Localizable.strings in Resources */ = {isa = PBXBuildFile; fileRef = DD751E0828869C4600B8128E /* Localizable.strings */; };
		DD751E0C2887A3A500B8128E /* APIClient.swift in Sources */ = {isa = PBXBuildFile; fileRef = DD751E0B2887A3A500B8128E /* APIClient.swift */; };
		DD751E0E2888F19100B8128E /* CookiesClient.swift in Sources */ = {isa = PBXBuildFile; fileRef = DD751E0D2888F19100B8128E /* CookiesClient.swift */; };
		DD751E102888F2DD00B8128E /* UserDefaultsClient.swift in Sources */ = {isa = PBXBuildFile; fileRef = DD751E0F2888F2DD00B8128E /* UserDefaultsClient.swift */; };
		DD7671C6290B6E1600F92825 /* AudioSessionControl.swift in Sources */ = {isa = PBXBuildFile; fileRef = DD7671C5290B6E1600F92825 /* AudioSessionControl.swift */; };
		DD7671C9290B76AE00F92825 /* RemoteControl.swift in Sources */ = {isa = PBXBuildFile; fileRef = DD7671C8290B76AE00F92825 /* RemoteControl.swift */; };
		DD7671CB290BA7B600F92825 /* NowPlayingClient.swift in Sources */ = {isa = PBXBuildFile; fileRef = DD7671CA290BA7B600F92825 /* NowPlayingClient.swift */; };
		DD83970B28DC043000BC8C11 /* Alamofire in Frameworks */ = {isa = PBXBuildFile; productRef = DD83970A28DC043000BC8C11 /* Alamofire */; };
		DD87EAE028CED7880062DFE6 /* PlayerView.swift in Sources */ = {isa = PBXBuildFile; fileRef = DD87EADF28CED7880062DFE6 /* PlayerView.swift */; };
		DD87EAE228CF0A940062DFE6 /* Playlist.swift in Sources */ = {isa = PBXBuildFile; fileRef = DD87EAE128CF0A940062DFE6 /* Playlist.swift */; };
		DDA1A70828D3041F009D80C6 /* PlayerClient.swift in Sources */ = {isa = PBXBuildFile; fileRef = DDA1A70728D3041F009D80C6 /* PlayerClient.swift */; };
		DDA4922227CF15710063A35B /* TurboVisitableViewController.swift in Sources */ = {isa = PBXBuildFile; fileRef = DDA4922127CF15710063A35B /* TurboVisitableViewController.swift */; };
		DDAD9DC828E28BB200F8C96F /* PlayerSongInfoView.swift in Sources */ = {isa = PBXBuildFile; fileRef = DDAD9DC728E28BB200F8C96F /* PlayerSongInfoView.swift */; };
		DDAD9DCA28E28CE200F8C96F /* PlayerControlView.swift in Sources */ = {isa = PBXBuildFile; fileRef = DDAD9DC928E28CE200F8C96F /* PlayerControlView.swift */; };
		DDAD9DCC28E28E5900F8C96F /* PlayerActionsView.swift in Sources */ = {isa = PBXBuildFile; fileRef = DDAD9DCB28E28E5900F8C96F /* PlayerActionsView.swift */; };
		DDB453A127CF11EF003BA1F9 /* TurboNavigationController.swift in Sources */ = {isa = PBXBuildFile; fileRef = DDB453A027CF11EF003BA1F9 /* TurboNavigationController.swift */; };
		DDB96C2B28FD5B3300CFFD44 /* TurboScriptMessageHandler.swift in Sources */ = {isa = PBXBuildFile; fileRef = DDB96C2A28FD5B3300CFFD44 /* TurboScriptMessageHandler.swift */; };
		DDBE510128D1A4FD0049D754 /* CustomFormatter.swift in Sources */ = {isa = PBXBuildFile; fileRef = DDBE510028D1A4FD0049D754 /* CustomFormatter.swift */; };
		DDE710EC28D04A6800CE7494 /* Song.swift in Sources */ = {isa = PBXBuildFile; fileRef = DDE710EB28D04A6800CE7494 /* Song.swift */; };
		DDE710EE28D05DED00CE7494 /* PlayerPlaylistView.swift in Sources */ = {isa = PBXBuildFile; fileRef = DDE710ED28D05DEC00CE7494 /* PlayerPlaylistView.swift */; };
		DDE710F228D077C900CE7494 /* CustomStyle.swift in Sources */ = {isa = PBXBuildFile; fileRef = DDE710F128D077C900CE7494 /* CustomStyle.swift */; };
		DDE9D26D288A3FDC009EFCEE /* KeychainClient.swift in Sources */ = {isa = PBXBuildFile; fileRef = DDE9D26C288A3FDC009EFCEE /* KeychainClient.swift */; };
/* End PBXBuildFile section */

/* Begin PBXContainerItemProxy section */
		DD62F4D927C769CE005A5D0B /* PBXContainerItemProxy */ = {
			isa = PBXContainerItemProxy;
			containerPortal = DD62F4C027C769CC005A5D0B /* Project object */;
			proxyType = 1;
			remoteGlobalIDString = DD62F4C727C769CC005A5D0B;
			remoteInfo = BlackCandy;
		};
		DD62F4E327C769CE005A5D0B /* PBXContainerItemProxy */ = {
			isa = PBXContainerItemProxy;
			containerPortal = DD62F4C027C769CC005A5D0B /* Project object */;
			proxyType = 1;
			remoteGlobalIDString = DD62F4C727C769CC005A5D0B;
			remoteInfo = BlackCandy;
		};
/* End PBXContainerItemProxy section */

/* Begin PBXCopyFilesBuildPhase section */
		DD05118128F8402C00104197 /* Embed Frameworks */ = {
			isa = PBXCopyFilesBuildPhase;
			buildActionMask = 2147483647;
			dstPath = "";
			dstSubfolderSpec = 10;
			files = (
				646315262971A2AF0016EBCA /* LNPopupController in Embed Frameworks */,
			);
			name = "Embed Frameworks";
			runOnlyForDeploymentPostprocessing = 0;
		};
/* End PBXCopyFilesBuildPhase section */

/* Begin PBXFileReference section */
		642B04EC2A02376400EEF844 /* CookiesClientTests.swift */ = {isa = PBXFileReference; lastKnownFileType = sourcecode.swift; path = CookiesClientTests.swift; sourceTree = "<group>"; };
		6431DDEF2963D0240013F135 /* PlayerViewController.swift */ = {isa = PBXFileReference; lastKnownFileType = sourcecode.swift; path = PlayerViewController.swift; sourceTree = "<group>"; };
		6431DDF5296410650013F135 /* SideBarView.swift */ = {isa = PBXFileReference; lastKnownFileType = sourcecode.swift; path = SideBarView.swift; sourceTree = "<group>"; };
		6431DDF72964167E0013F135 /* NotificationName.swift */ = {isa = PBXFileReference; lastKnownFileType = sourcecode.swift; path = NotificationName.swift; sourceTree = "<group>"; };
		6435D830296CFEE80068CC51 /* SystemInfo.swift */ = {isa = PBXFileReference; lastKnownFileType = sourcecode.swift; path = SystemInfo.swift; sourceTree = "<group>"; };
		6435D832296D4E620068CC51 /* ServerAddressView.swift */ = {isa = PBXFileReference; lastKnownFileType = sourcecode.swift; path = ServerAddressView.swift; sourceTree = "<group>"; };
		6435D834296D5E7D0068CC51 /* ServerAddressState.swift */ = {isa = PBXFileReference; lastKnownFileType = sourcecode.swift; path = ServerAddressState.swift; sourceTree = "<group>"; };
		643C0B4E299A5CEC0077EF8D /* UserTests.swift */ = {isa = PBXFileReference; lastKnownFileType = sourcecode.swift; path = UserTests.swift; sourceTree = "<group>"; };
		644E9B40295AC796000DB3E3 /* SideBarNavigationViewController.swift */ = {isa = PBXFileReference; lastKnownFileType = sourcecode.swift; path = SideBarNavigationViewController.swift; sourceTree = "<group>"; };
		644E9B42295AC7C0000DB3E3 /* TabBarViewController.swift */ = {isa = PBXFileReference; lastKnownFileType = sourcecode.swift; path = TabBarViewController.swift; sourceTree = "<group>"; };
		645B8A792962ACD700E15B9C /* BlackCandyApp.swift */ = {isa = PBXFileReference; lastKnownFileType = sourcecode.swift; path = BlackCandyApp.swift; sourceTree = "<group>"; };
		645D7066299B18F30020146A /* PlaylistTests.swift */ = {isa = PBXFileReference; lastKnownFileType = sourcecode.swift; path = PlaylistTests.swift; sourceTree = "<group>"; };
		645D7069299B26140020146A /* songs.json */ = {isa = PBXFileReference; lastKnownFileType = text.json; path = songs.json; sourceTree = "<group>"; };
		645D706B299B52EA0020146A /* TestHelper.swift */ = {isa = PBXFileReference; lastKnownFileType = sourcecode.swift; path = TestHelper.swift; sourceTree = "<group>"; };
		645D706D299B5E660020146A /* SongTests.swift */ = {isa = PBXFileReference; lastKnownFileType = sourcecode.swift; path = SongTests.swift; sourceTree = "<group>"; };
		645D706F299B5F8E0020146A /* SystemInfoTests.swift */ = {isa = PBXFileReference; lastKnownFileType = sourcecode.swift; path = SystemInfoTests.swift; sourceTree = "<group>"; };
		6468E62E2A00D22900475EC0 /* UserDefaultsClientTests.swift */ = {isa = PBXFileReference; lastKnownFileType = sourcecode.swift; path = UserDefaultsClientTests.swift; sourceTree = "<group>"; };
		647623772949A77C00333378 /* AppReducer.swift */ = {isa = PBXFileReference; lastKnownFileType = sourcecode.swift; path = AppReducer.swift; sourceTree = "<group>"; };
		647623792949B1C200333378 /* AppDependency.swift */ = {isa = PBXFileReference; lastKnownFileType = sourcecode.swift; path = AppDependency.swift; sourceTree = "<group>"; };
		6476237B2949B60300333378 /* PlayerReducer.swift */ = {isa = PBXFileReference; lastKnownFileType = sourcecode.swift; path = PlayerReducer.swift; sourceTree = "<group>"; };
		648AA70F299F59D2002EED64 /* APIClientTests.swift */ = {isa = PBXFileReference; lastKnownFileType = sourcecode.swift; path = APIClientTests.swift; sourceTree = "<group>"; };
		64B40E2629519E43009726CE /* HomeView.swift */ = {isa = PBXFileReference; lastKnownFileType = sourcecode.swift; path = HomeView.swift; sourceTree = "<group>"; };
		64BBD7A92A03772400070572 /* KeychainClientTests.swift */ = {isa = PBXFileReference; lastKnownFileType = sourcecode.swift; path = KeychainClientTests.swift; sourceTree = "<group>"; };
		64BBD7AB2A03808B00070572 /* JSONDataClientTests.swift */ = {isa = PBXFileReference; lastKnownFileType = sourcecode.swift; path = JSONDataClientTests.swift; sourceTree = "<group>"; };
		64BE546F295D767100D3786F /* SplitViewController.swift */ = {isa = PBXFileReference; lastKnownFileType = sourcecode.swift; path = SplitViewController.swift; sourceTree = "<group>"; };
		64D6BC71299C7750005B1078 /* CustomFormatterTests.swift */ = {isa = PBXFileReference; lastKnownFileType = sourcecode.swift; path = CustomFormatterTests.swift; sourceTree = "<group>"; };
		64D6BC74299C7E9D005B1078 /* LoginStateTests.swift */ = {isa = PBXFileReference; lastKnownFileType = sourcecode.swift; path = LoginStateTests.swift; sourceTree = "<group>"; };
		64D6BC76299C8658005B1078 /* ServerAddressStateTests.swift */ = {isa = PBXFileReference; lastKnownFileType = sourcecode.swift; path = ServerAddressStateTests.swift; sourceTree = "<group>"; };
		DD0A346B28E3E02E002211AE /* PlayerSliderView.swift */ = {isa = PBXFileReference; lastKnownFileType = sourcecode.swift; path = PlayerSliderView.swift; sourceTree = "<group>"; };
		DD18369227CC9FF60018ECF5 /* TurboSession.swift */ = {isa = PBXFileReference; lastKnownFileType = sourcecode.swift; path = TurboSession.swift; sourceTree = "<group>"; };
		DD2332BD28FE49AA005E3F4F /* AppStore.swift */ = {isa = PBXFileReference; lastKnownFileType = sourcecode.swift; path = AppStore.swift; sourceTree = "<group>"; };
		DD4D059F28BDA3410035D26D /* AccountView.swift */ = {isa = PBXFileReference; lastKnownFileType = sourcecode.swift; path = AccountView.swift; sourceTree = "<group>"; };
		DD4D05A228BDE7810035D26D /* User.swift */ = {isa = PBXFileReference; lastKnownFileType = sourcecode.swift; path = User.swift; sourceTree = "<group>"; };
		DD4D05A428BDE9520035D26D /* JSONDataClient.swift */ = {isa = PBXFileReference; lastKnownFileType = sourcecode.swift; path = JSONDataClient.swift; sourceTree = "<group>"; };
		DD522C302900EACB008FE88D /* path-configuration.json */ = {isa = PBXFileReference; lastKnownFileType = text.json; path = "path-configuration.json"; sourceTree = "<group>"; };
		DD62F4C827C769CC005A5D0B /* BlackCandy.app */ = {isa = PBXFileReference; explicitFileType = wrapper.application; includeInIndex = 0; path = BlackCandy.app; sourceTree = BUILT_PRODUCTS_DIR; };
		DD62F4CF27C769CE005A5D0B /* Assets.xcassets */ = {isa = PBXFileReference; lastKnownFileType = folder.assetcatalog; path = Assets.xcassets; sourceTree = "<group>"; };
		DD62F4D227C769CE005A5D0B /* Preview Assets.xcassets */ = {isa = PBXFileReference; lastKnownFileType = folder.assetcatalog; path = "Preview Assets.xcassets"; sourceTree = "<group>"; };
		DD62F4D827C769CE005A5D0B /* BlackCandyTests.xctest */ = {isa = PBXFileReference; explicitFileType = wrapper.cfbundle; includeInIndex = 0; path = BlackCandyTests.xctest; sourceTree = BUILT_PRODUCTS_DIR; };
		DD62F4E227C769CE005A5D0B /* BlackCandyUITests.xctest */ = {isa = PBXFileReference; explicitFileType = wrapper.cfbundle; includeInIndex = 0; path = BlackCandyUITests.xctest; sourceTree = BUILT_PRODUCTS_DIR; };
		DD62F4E627C769CE005A5D0B /* BlackCandyUITests.swift */ = {isa = PBXFileReference; lastKnownFileType = sourcecode.swift; path = BlackCandyUITests.swift; sourceTree = "<group>"; };
		DD62F4E827C769CE005A5D0B /* BlackCandyUITestsLaunchTests.swift */ = {isa = PBXFileReference; lastKnownFileType = sourcecode.swift; path = BlackCandyUITestsLaunchTests.swift; sourceTree = "<group>"; };
		DD62F4F827C76D06005A5D0B /* TurboView.swift */ = {isa = PBXFileReference; lastKnownFileType = sourcecode.swift; path = TurboView.swift; sourceTree = "<group>"; };
		DD6E0EAD2885380C00F39DB3 /* LoginView.swift */ = {isa = PBXFileReference; lastKnownFileType = sourcecode.swift; path = LoginView.swift; sourceTree = "<group>"; };
		DD751E042886835600B8128E /* LoginState.swift */ = {isa = PBXFileReference; lastKnownFileType = sourcecode.swift; path = LoginState.swift; sourceTree = "<group>"; };
		DD751E0828869C4600B8128E /* Localizable.strings */ = {isa = PBXFileReference; lastKnownFileType = text.plist.strings; path = Localizable.strings; sourceTree = "<group>"; };
		DD751E0B2887A3A500B8128E /* APIClient.swift */ = {isa = PBXFileReference; lastKnownFileType = sourcecode.swift; path = APIClient.swift; sourceTree = "<group>"; };
		DD751E0D2888F19100B8128E /* CookiesClient.swift */ = {isa = PBXFileReference; lastKnownFileType = sourcecode.swift; path = CookiesClient.swift; sourceTree = "<group>"; };
		DD751E0F2888F2DD00B8128E /* UserDefaultsClient.swift */ = {isa = PBXFileReference; lastKnownFileType = sourcecode.swift; path = UserDefaultsClient.swift; sourceTree = "<group>"; };
		DD7671C5290B6E1600F92825 /* AudioSessionControl.swift */ = {isa = PBXFileReference; lastKnownFileType = sourcecode.swift; path = AudioSessionControl.swift; sourceTree = "<group>"; };
		DD7671C8290B76AE00F92825 /* RemoteControl.swift */ = {isa = PBXFileReference; lastKnownFileType = sourcecode.swift; path = RemoteControl.swift; sourceTree = "<group>"; };
		DD7671CA290BA7B600F92825 /* NowPlayingClient.swift */ = {isa = PBXFileReference; lastKnownFileType = sourcecode.swift; path = NowPlayingClient.swift; sourceTree = "<group>"; };
		DD87EADF28CED7880062DFE6 /* PlayerView.swift */ = {isa = PBXFileReference; lastKnownFileType = sourcecode.swift; path = PlayerView.swift; sourceTree = "<group>"; };
		DD87EAE128CF0A940062DFE6 /* Playlist.swift */ = {isa = PBXFileReference; lastKnownFileType = sourcecode.swift; path = Playlist.swift; sourceTree = "<group>"; };
		DDA1A70728D3041F009D80C6 /* PlayerClient.swift */ = {isa = PBXFileReference; lastKnownFileType = sourcecode.swift; path = PlayerClient.swift; sourceTree = "<group>"; };
		DDA4922127CF15710063A35B /* TurboVisitableViewController.swift */ = {isa = PBXFileReference; lastKnownFileType = sourcecode.swift; path = TurboVisitableViewController.swift; sourceTree = "<group>"; };
		DDAD9DC728E28BB200F8C96F /* PlayerSongInfoView.swift */ = {isa = PBXFileReference; lastKnownFileType = sourcecode.swift; path = PlayerSongInfoView.swift; sourceTree = "<group>"; };
		DDAD9DC928E28CE200F8C96F /* PlayerControlView.swift */ = {isa = PBXFileReference; lastKnownFileType = sourcecode.swift; path = PlayerControlView.swift; sourceTree = "<group>"; };
		DDAD9DCB28E28E5900F8C96F /* PlayerActionsView.swift */ = {isa = PBXFileReference; lastKnownFileType = sourcecode.swift; path = PlayerActionsView.swift; sourceTree = "<group>"; };
		DDB453A027CF11EF003BA1F9 /* TurboNavigationController.swift */ = {isa = PBXFileReference; lastKnownFileType = sourcecode.swift; path = TurboNavigationController.swift; sourceTree = "<group>"; };
		DDB96C2A28FD5B3300CFFD44 /* TurboScriptMessageHandler.swift */ = {isa = PBXFileReference; lastKnownFileType = sourcecode.swift; path = TurboScriptMessageHandler.swift; sourceTree = "<group>"; };
		DDBE510028D1A4FD0049D754 /* CustomFormatter.swift */ = {isa = PBXFileReference; lastKnownFileType = sourcecode.swift; path = CustomFormatter.swift; sourceTree = "<group>"; };
		DDE710EB28D04A6800CE7494 /* Song.swift */ = {isa = PBXFileReference; lastKnownFileType = sourcecode.swift; path = Song.swift; sourceTree = "<group>"; };
		DDE710ED28D05DEC00CE7494 /* PlayerPlaylistView.swift */ = {isa = PBXFileReference; lastKnownFileType = sourcecode.swift; path = PlayerPlaylistView.swift; sourceTree = "<group>"; };
		DDE710F128D077C900CE7494 /* CustomStyle.swift */ = {isa = PBXFileReference; lastKnownFileType = sourcecode.swift; path = CustomStyle.swift; sourceTree = "<group>"; };
		DDE9D26C288A3FDC009EFCEE /* KeychainClient.swift */ = {isa = PBXFileReference; lastKnownFileType = sourcecode.swift; path = KeychainClient.swift; sourceTree = "<group>"; };
/* End PBXFileReference section */

/* Begin PBXFrameworksBuildPhase section */
		DD62F4C527C769CC005A5D0B /* Frameworks */ = {
			isa = PBXFrameworksBuildPhase;
			buildActionMask = 2147483647;
			files = (
				DD6E0EA32884FEE100F39DB3 /* ComposableArchitecture in Frameworks */,
				DD83970B28DC043000BC8C11 /* Alamofire in Frameworks */,
				DD62F4F727C76C13005A5D0B /* Turbo in Frameworks */,
				646315252971A2910016EBCA /* LNPopupController in Frameworks */,
			);
			runOnlyForDeploymentPostprocessing = 0;
		};
		DD62F4D527C769CE005A5D0B /* Frameworks */ = {
			isa = PBXFrameworksBuildPhase;
			buildActionMask = 2147483647;
			files = (
				648AA716299F6D8F002EED64 /* OHHTTPStubsSwift in Frameworks */,
			);
			runOnlyForDeploymentPostprocessing = 0;
		};
		DD62F4DF27C769CE005A5D0B /* Frameworks */ = {
			isa = PBXFrameworksBuildPhase;
			buildActionMask = 2147483647;
			files = (
			);
			runOnlyForDeploymentPostprocessing = 0;
		};
/* End PBXFrameworksBuildPhase section */

/* Begin PBXGroup section */
		644E9B3F295AC73A000DB3E3 /* ViewControllers */ = {
			isa = PBXGroup;
			children = (
				64BE546F295D767100D3786F /* SplitViewController.swift */,
				644E9B42295AC7C0000DB3E3 /* TabBarViewController.swift */,
				644E9B40295AC796000DB3E3 /* SideBarNavigationViewController.swift */,
				6431DDEF2963D0240013F135 /* PlayerViewController.swift */,
			);
			path = ViewControllers;
			sourceTree = "<group>";
		};
		645D7065299B18C90020146A /* Models */ = {
			isa = PBXGroup;
			children = (
				643C0B4E299A5CEC0077EF8D /* UserTests.swift */,
				645D7066299B18F30020146A /* PlaylistTests.swift */,
				645D706D299B5E660020146A /* SongTests.swift */,
				645D706F299B5F8E0020146A /* SystemInfoTests.swift */,
			);
			path = Models;
			sourceTree = "<group>";
		};
		645D7068299B25DE0020146A /* Fixtures */ = {
			isa = PBXGroup;
			children = (
				645D7069299B26140020146A /* songs.json */,
			);
			path = Fixtures;
			sourceTree = "<group>";
		};
		648AA70E299F59B8002EED64 /* Clients */ = {
			isa = PBXGroup;
			children = (
				648AA70F299F59D2002EED64 /* APIClientTests.swift */,
				6468E62E2A00D22900475EC0 /* UserDefaultsClientTests.swift */,
				642B04EC2A02376400EEF844 /* CookiesClientTests.swift */,
				64BBD7A92A03772400070572 /* KeychainClientTests.swift */,
				64BBD7AB2A03808B00070572 /* JSONDataClientTests.swift */,
			);
			path = Clients;
			sourceTree = "<group>";
		};
		64D6BC70299C7710005B1078 /* Utils */ = {
			isa = PBXGroup;
			children = (
				64D6BC71299C7750005B1078 /* CustomFormatterTests.swift */,
			);
			path = Utils;
			sourceTree = "<group>";
		};
		64D6BC73299C7D40005B1078 /* States */ = {
			isa = PBXGroup;
			children = (
				64D6BC74299C7E9D005B1078 /* LoginStateTests.swift */,
				64D6BC76299C8658005B1078 /* ServerAddressStateTests.swift */,
			);
			path = States;
			sourceTree = "<group>";
		};
		DD05117E28F8402C00104197 /* Frameworks */ = {
			isa = PBXGroup;
			children = (
			);
			name = Frameworks;
			sourceTree = "<group>";
		};
		DD18368427CC75870018ECF5 /* Store */ = {
			isa = PBXGroup;
			children = (
				DD2332BD28FE49AA005E3F4F /* AppStore.swift */,
				647623772949A77C00333378 /* AppReducer.swift */,
				6476237B2949B60300333378 /* PlayerReducer.swift */,
				647623792949B1C200333378 /* AppDependency.swift */,
			);
			path = Store;
			sourceTree = "<group>";
		};
		DD18368D27CC79BF0018ECF5 /* Turbo */ = {
			isa = PBXGroup;
			children = (
				DD62F4F827C76D06005A5D0B /* TurboView.swift */,
				DD18369227CC9FF60018ECF5 /* TurboSession.swift */,
				DDB453A027CF11EF003BA1F9 /* TurboNavigationController.swift */,
				DDA4922127CF15710063A35B /* TurboVisitableViewController.swift */,
				DDB96C2A28FD5B3300CFFD44 /* TurboScriptMessageHandler.swift */,
			);
			path = Turbo;
			sourceTree = "<group>";
		};
		DD18368F27CC79EF0018ECF5 /* Views */ = {
			isa = PBXGroup;
			children = (
				DDAD9DC628E28AEB00F8C96F /* Player */,
				64B40E2629519E43009726CE /* HomeView.swift */,
				6435D832296D4E620068CC51 /* ServerAddressView.swift */,
				DD6E0EAD2885380C00F39DB3 /* LoginView.swift */,
				DD4D059F28BDA3410035D26D /* AccountView.swift */,
				DD87EADF28CED7880062DFE6 /* PlayerView.swift */,
				6431DDF5296410650013F135 /* SideBarView.swift */,
			);
			path = Views;
			sourceTree = "<group>";
		};
		DD4D05A128BDE7650035D26D /* Models */ = {
			isa = PBXGroup;
			children = (
				DD4D05A228BDE7810035D26D /* User.swift */,
				DD87EAE128CF0A940062DFE6 /* Playlist.swift */,
				DDE710EB28D04A6800CE7494 /* Song.swift */,
				6435D830296CFEE80068CC51 /* SystemInfo.swift */,
			);
			path = Models;
			sourceTree = "<group>";
		};
		DD62F4BF27C769CC005A5D0B = {
			isa = PBXGroup;
			children = (
				DD62F4CA27C769CC005A5D0B /* BlackCandy */,
				DD62F4DB27C769CE005A5D0B /* BlackCandyTests */,
				DD62F4E527C769CE005A5D0B /* BlackCandyUITests */,
				DD62F4C927C769CC005A5D0B /* Products */,
				DD05117E28F8402C00104197 /* Frameworks */,
			);
			sourceTree = "<group>";
		};
		DD62F4C927C769CC005A5D0B /* Products */ = {
			isa = PBXGroup;
			children = (
				DD62F4C827C769CC005A5D0B /* BlackCandy.app */,
				DD62F4D827C769CE005A5D0B /* BlackCandyTests.xctest */,
				DD62F4E227C769CE005A5D0B /* BlackCandyUITests.xctest */,
			);
			name = Products;
			sourceTree = "<group>";
		};
		DD62F4CA27C769CC005A5D0B /* BlackCandy */ = {
			isa = PBXGroup;
			children = (
				645B8A792962ACD700E15B9C /* BlackCandyApp.swift */,
				DD18368F27CC79EF0018ECF5 /* Views */,
				644E9B3F295AC73A000DB3E3 /* ViewControllers */,
				DD18368D27CC79BF0018ECF5 /* Turbo */,
				DD18368427CC75870018ECF5 /* Store */,
				DD4D05A128BDE7650035D26D /* Models */,
				DD6E0EAA2885344400F39DB3 /* Utils */,
				DD751E0A2887A37700B8128E /* Clients */,
				DD751E032886832800B8128E /* States */,
				DD62F4CF27C769CE005A5D0B /* Assets.xcassets */,
				DD62F4D127C769CE005A5D0B /* Preview Content */,
				DD751E0828869C4600B8128E /* Localizable.strings */,
				DD522C302900EACB008FE88D /* path-configuration.json */,
			);
			path = BlackCandy;
			sourceTree = "<group>";
		};
		DD62F4D127C769CE005A5D0B /* Preview Content */ = {
			isa = PBXGroup;
			children = (
				DD62F4D227C769CE005A5D0B /* Preview Assets.xcassets */,
			);
			path = "Preview Content";
			sourceTree = "<group>";
		};
		DD62F4DB27C769CE005A5D0B /* BlackCandyTests */ = {
			isa = PBXGroup;
			children = (
				648AA70E299F59B8002EED64 /* Clients */,
				64D6BC73299C7D40005B1078 /* States */,
				64D6BC70299C7710005B1078 /* Utils */,
				645D7065299B18C90020146A /* Models */,
				645D7068299B25DE0020146A /* Fixtures */,
				645D706B299B52EA0020146A /* TestHelper.swift */,
			);
			path = BlackCandyTests;
			sourceTree = "<group>";
		};
		DD62F4E527C769CE005A5D0B /* BlackCandyUITests */ = {
			isa = PBXGroup;
			children = (
				DD62F4E627C769CE005A5D0B /* BlackCandyUITests.swift */,
				DD62F4E827C769CE005A5D0B /* BlackCandyUITestsLaunchTests.swift */,
			);
			path = BlackCandyUITests;
			sourceTree = "<group>";
		};
		DD6E0EAA2885344400F39DB3 /* Utils */ = {
			isa = PBXGroup;
			children = (
				DDE710F128D077C900CE7494 /* CustomStyle.swift */,
				DDBE510028D1A4FD0049D754 /* CustomFormatter.swift */,
				DD7671C5290B6E1600F92825 /* AudioSessionControl.swift */,
				DD7671C8290B76AE00F92825 /* RemoteControl.swift */,
				6431DDF72964167E0013F135 /* NotificationName.swift */,
			);
			path = Utils;
			sourceTree = "<group>";
		};
		DD751E032886832800B8128E /* States */ = {
			isa = PBXGroup;
			children = (
				DD751E042886835600B8128E /* LoginState.swift */,
				6435D834296D5E7D0068CC51 /* ServerAddressState.swift */,
			);
			path = States;
			sourceTree = "<group>";
		};
		DD751E0A2887A37700B8128E /* Clients */ = {
			isa = PBXGroup;
			children = (
				DD751E0B2887A3A500B8128E /* APIClient.swift */,
				DD751E0F2888F2DD00B8128E /* UserDefaultsClient.swift */,
				DD751E0D2888F19100B8128E /* CookiesClient.swift */,
				DDE9D26C288A3FDC009EFCEE /* KeychainClient.swift */,
				DD4D05A428BDE9520035D26D /* JSONDataClient.swift */,
				DDA1A70728D3041F009D80C6 /* PlayerClient.swift */,
				DD7671CA290BA7B600F92825 /* NowPlayingClient.swift */,
			);
			path = Clients;
			sourceTree = "<group>";
		};
		DDAD9DC628E28AEB00F8C96F /* Player */ = {
			isa = PBXGroup;
			children = (
				DDAD9DC728E28BB200F8C96F /* PlayerSongInfoView.swift */,
				DDAD9DC928E28CE200F8C96F /* PlayerControlView.swift */,
				DDAD9DCB28E28E5900F8C96F /* PlayerActionsView.swift */,
				DDE710ED28D05DEC00CE7494 /* PlayerPlaylistView.swift */,
				DD0A346B28E3E02E002211AE /* PlayerSliderView.swift */,
			);
			path = Player;
			sourceTree = "<group>";
		};
/* End PBXGroup section */

/* Begin PBXNativeTarget section */
		DD62F4C727C769CC005A5D0B /* BlackCandy */ = {
			isa = PBXNativeTarget;
			buildConfigurationList = DD62F4EC27C769CE005A5D0B /* Build configuration list for PBXNativeTarget "BlackCandy" */;
			buildPhases = (
				DD62F4C427C769CC005A5D0B /* Sources */,
				DD62F4C527C769CC005A5D0B /* Frameworks */,
				DD62F4C627C769CC005A5D0B /* Resources */,
				DD05118128F8402C00104197 /* Embed Frameworks */,
			);
			buildRules = (
			);
			dependencies = (
			);
			name = BlackCandy;
			packageProductDependencies = (
				DD62F4F627C76C13005A5D0B /* Turbo */,
				DD6E0EA22884FEE100F39DB3 /* ComposableArchitecture */,
				DD83970A28DC043000BC8C11 /* Alamofire */,
				646315242971A2910016EBCA /* LNPopupController */,
			);
			productName = BlackCandy;
			productReference = DD62F4C827C769CC005A5D0B /* BlackCandy.app */;
			productType = "com.apple.product-type.application";
		};
		DD62F4D727C769CE005A5D0B /* BlackCandyTests */ = {
			isa = PBXNativeTarget;
			buildConfigurationList = DD62F4EF27C769CE005A5D0B /* Build configuration list for PBXNativeTarget "BlackCandyTests" */;
			buildPhases = (
				DD62F4D427C769CE005A5D0B /* Sources */,
				DD62F4D527C769CE005A5D0B /* Frameworks */,
				DD62F4D627C769CE005A5D0B /* Resources */,
			);
			buildRules = (
			);
			dependencies = (
				DD62F4DA27C769CE005A5D0B /* PBXTargetDependency */,
			);
			name = BlackCandyTests;
			packageProductDependencies = (
				648AA715299F6D8F002EED64 /* OHHTTPStubsSwift */,
			);
			productName = BlackCandyTests;
			productReference = DD62F4D827C769CE005A5D0B /* BlackCandyTests.xctest */;
			productType = "com.apple.product-type.bundle.unit-test";
		};
		DD62F4E127C769CE005A5D0B /* BlackCandyUITests */ = {
			isa = PBXNativeTarget;
			buildConfigurationList = DD62F4F227C769CE005A5D0B /* Build configuration list for PBXNativeTarget "BlackCandyUITests" */;
			buildPhases = (
				DD62F4DE27C769CE005A5D0B /* Sources */,
				DD62F4DF27C769CE005A5D0B /* Frameworks */,
				DD62F4E027C769CE005A5D0B /* Resources */,
			);
			buildRules = (
			);
			dependencies = (
				DD62F4E427C769CE005A5D0B /* PBXTargetDependency */,
			);
			name = BlackCandyUITests;
			productName = BlackCandyUITests;
			productReference = DD62F4E227C769CE005A5D0B /* BlackCandyUITests.xctest */;
			productType = "com.apple.product-type.bundle.ui-testing";
		};
/* End PBXNativeTarget section */

/* Begin PBXProject section */
		DD62F4C027C769CC005A5D0B /* Project object */ = {
			isa = PBXProject;
			attributes = {
				BuildIndependentTargetsInParallel = 1;
				LastSwiftUpdateCheck = 1320;
				LastUpgradeCheck = 1320;
				TargetAttributes = {
					DD62F4C727C769CC005A5D0B = {
						CreatedOnToolsVersion = 13.2.1;
					};
					DD62F4D727C769CE005A5D0B = {
						CreatedOnToolsVersion = 13.2.1;
						TestTargetID = DD62F4C727C769CC005A5D0B;
					};
					DD62F4E127C769CE005A5D0B = {
						CreatedOnToolsVersion = 13.2.1;
						TestTargetID = DD62F4C727C769CC005A5D0B;
					};
				};
			};
			buildConfigurationList = DD62F4C327C769CC005A5D0B /* Build configuration list for PBXProject "BlackCandy" */;
			compatibilityVersion = "Xcode 13.0";
			developmentRegion = en;
			hasScannedForEncodings = 0;
			knownRegions = (
				en,
				Base,
			);
			mainGroup = DD62F4BF27C769CC005A5D0B;
			packageReferences = (
				DD62F4F527C76C13005A5D0B /* XCRemoteSwiftPackageReference "turbo-ios" */,
				DD6E0EA12884FEE100F39DB3 /* XCRemoteSwiftPackageReference "swift-composable-architecture" */,
				DD83970928DC043000BC8C11 /* XCRemoteSwiftPackageReference "Alamofire" */,
				646315232971A2900016EBCA /* XCRemoteSwiftPackageReference "LNPopupController" */,
				648AA714299F6D8F002EED64 /* XCRemoteSwiftPackageReference "OHHTTPStubs" */,
			);
			productRefGroup = DD62F4C927C769CC005A5D0B /* Products */;
			projectDirPath = "";
			projectRoot = "";
			targets = (
				DD62F4C727C769CC005A5D0B /* BlackCandy */,
				DD62F4D727C769CE005A5D0B /* BlackCandyTests */,
				DD62F4E127C769CE005A5D0B /* BlackCandyUITests */,
			);
		};
/* End PBXProject section */

/* Begin PBXResourcesBuildPhase section */
		DD62F4C627C769CC005A5D0B /* Resources */ = {
			isa = PBXResourcesBuildPhase;
			buildActionMask = 2147483647;
			files = (
				DD62F4D327C769CE005A5D0B /* Preview Assets.xcassets in Resources */,
				DD522C312900EACB008FE88D /* path-configuration.json in Resources */,
				DD751E0928869C4700B8128E /* Localizable.strings in Resources */,
				DD62F4D027C769CE005A5D0B /* Assets.xcassets in Resources */,
			);
			runOnlyForDeploymentPostprocessing = 0;
		};
		DD62F4D627C769CE005A5D0B /* Resources */ = {
			isa = PBXResourcesBuildPhase;
			buildActionMask = 2147483647;
			files = (
				645D706A299B26140020146A /* songs.json in Resources */,
			);
			runOnlyForDeploymentPostprocessing = 0;
		};
		DD62F4E027C769CE005A5D0B /* Resources */ = {
			isa = PBXResourcesBuildPhase;
			buildActionMask = 2147483647;
			files = (
			);
			runOnlyForDeploymentPostprocessing = 0;
		};
/* End PBXResourcesBuildPhase section */

/* Begin PBXSourcesBuildPhase section */
		DD62F4C427C769CC005A5D0B /* Sources */ = {
			isa = PBXSourcesBuildPhase;
			buildActionMask = 2147483647;
			files = (
				DD4D05A528BDE9520035D26D /* JSONDataClient.swift in Sources */,
				6435D835296D5E7D0068CC51 /* ServerAddressState.swift in Sources */,
				DDA4922227CF15710063A35B /* TurboVisitableViewController.swift in Sources */,
				DD751E0C2887A3A500B8128E /* APIClient.swift in Sources */,
				64BE5470295D767100D3786F /* SplitViewController.swift in Sources */,
				DD4D05A028BDA3410035D26D /* AccountView.swift in Sources */,
				DD7671C6290B6E1600F92825 /* AudioSessionControl.swift in Sources */,
				DD62F4F927C76D06005A5D0B /* TurboView.swift in Sources */,
				DD0A346C28E3E02E002211AE /* PlayerSliderView.swift in Sources */,
				DDAD9DCA28E28CE200F8C96F /* PlayerControlView.swift in Sources */,
				6435D833296D4E620068CC51 /* ServerAddressView.swift in Sources */,
				DD2332BE28FE49AA005E3F4F /* AppStore.swift in Sources */,
				DDAD9DCC28E28E5900F8C96F /* PlayerActionsView.swift in Sources */,
				647623782949A77C00333378 /* AppReducer.swift in Sources */,
				644E9B41295AC796000DB3E3 /* SideBarNavigationViewController.swift in Sources */,
				DDE710F228D077C900CE7494 /* CustomStyle.swift in Sources */,
				DD87EAE028CED7880062DFE6 /* PlayerView.swift in Sources */,
				6431DDF02963D0240013F135 /* PlayerViewController.swift in Sources */,
				DDE710EC28D04A6800CE7494 /* Song.swift in Sources */,
				DD751E052886835600B8128E /* LoginState.swift in Sources */,
				DDE9D26D288A3FDC009EFCEE /* KeychainClient.swift in Sources */,
				DD7671CB290BA7B600F92825 /* NowPlayingClient.swift in Sources */,
				644E9B43295AC7C0000DB3E3 /* TabBarViewController.swift in Sources */,
				6435D831296CFEE80068CC51 /* SystemInfo.swift in Sources */,
				DD751E102888F2DD00B8128E /* UserDefaultsClient.swift in Sources */,
				64B40E2729519E43009726CE /* HomeView.swift in Sources */,
				DD6E0EAE2885380C00F39DB3 /* LoginView.swift in Sources */,
				645B8A7A2962ACD700E15B9C /* BlackCandyApp.swift in Sources */,
				6476237A2949B1C200333378 /* AppDependency.swift in Sources */,
				DD18369327CC9FF60018ECF5 /* TurboSession.swift in Sources */,
				DDE710EE28D05DED00CE7494 /* PlayerPlaylistView.swift in Sources */,
				DD7671C9290B76AE00F92825 /* RemoteControl.swift in Sources */,
				6431DDF82964167E0013F135 /* NotificationName.swift in Sources */,
				DD4D05A328BDE7810035D26D /* User.swift in Sources */,
				6431DDF6296410650013F135 /* SideBarView.swift in Sources */,
				DD751E0E2888F19100B8128E /* CookiesClient.swift in Sources */,
				6476237C2949B60300333378 /* PlayerReducer.swift in Sources */,
				DD87EAE228CF0A940062DFE6 /* Playlist.swift in Sources */,
				DDB453A127CF11EF003BA1F9 /* TurboNavigationController.swift in Sources */,
				DDA1A70828D3041F009D80C6 /* PlayerClient.swift in Sources */,
				DDBE510128D1A4FD0049D754 /* CustomFormatter.swift in Sources */,
				DDB96C2B28FD5B3300CFFD44 /* TurboScriptMessageHandler.swift in Sources */,
				DDAD9DC828E28BB200F8C96F /* PlayerSongInfoView.swift in Sources */,
			);
			runOnlyForDeploymentPostprocessing = 0;
		};
		DD62F4D427C769CE005A5D0B /* Sources */ = {
			isa = PBXSourcesBuildPhase;
			buildActionMask = 2147483647;
			files = (
				645D706E299B5E660020146A /* SongTests.swift in Sources */,
				64D6BC77299C8658005B1078 /* ServerAddressStateTests.swift in Sources */,
				64BBD7AC2A03808B00070572 /* JSONDataClientTests.swift in Sources */,
				642B04ED2A02376400EEF844 /* CookiesClientTests.swift in Sources */,
				64D6BC75299C7E9D005B1078 /* LoginStateTests.swift in Sources */,
				64D6BC72299C7750005B1078 /* CustomFormatterTests.swift in Sources */,
				645D7070299B5F8E0020146A /* SystemInfoTests.swift in Sources */,
				645D706C299B52EA0020146A /* TestHelper.swift in Sources */,
				648AA710299F59D2002EED64 /* APIClientTests.swift in Sources */,
				643C0B4F299A5CEC0077EF8D /* UserTests.swift in Sources */,
				645D7067299B18F30020146A /* PlaylistTests.swift in Sources */,
				64BBD7AA2A03772400070572 /* KeychainClientTests.swift in Sources */,
				6468E62F2A00D22900475EC0 /* UserDefaultsClientTests.swift in Sources */,
			);
			runOnlyForDeploymentPostprocessing = 0;
		};
		DD62F4DE27C769CE005A5D0B /* Sources */ = {
			isa = PBXSourcesBuildPhase;
			buildActionMask = 2147483647;
			files = (
				DD62F4E927C769CE005A5D0B /* BlackCandyUITestsLaunchTests.swift in Sources */,
				DD62F4E727C769CE005A5D0B /* BlackCandyUITests.swift in Sources */,
			);
			runOnlyForDeploymentPostprocessing = 0;
		};
/* End PBXSourcesBuildPhase section */

/* Begin PBXTargetDependency section */
		DD62F4DA27C769CE005A5D0B /* PBXTargetDependency */ = {
			isa = PBXTargetDependency;
			target = DD62F4C727C769CC005A5D0B /* BlackCandy */;
			targetProxy = DD62F4D927C769CE005A5D0B /* PBXContainerItemProxy */;
		};
		DD62F4E427C769CE005A5D0B /* PBXTargetDependency */ = {
			isa = PBXTargetDependency;
			target = DD62F4C727C769CC005A5D0B /* BlackCandy */;
			targetProxy = DD62F4E327C769CE005A5D0B /* PBXContainerItemProxy */;
		};
/* End PBXTargetDependency section */

/* Begin XCBuildConfiguration section */
		DD62F4EA27C769CE005A5D0B /* Debug */ = {
			isa = XCBuildConfiguration;
			buildSettings = {
				ALWAYS_SEARCH_USER_PATHS = NO;
				CLANG_ANALYZER_NONNULL = YES;
				CLANG_ANALYZER_NUMBER_OBJECT_CONVERSION = YES_AGGRESSIVE;
				CLANG_CXX_LANGUAGE_STANDARD = "gnu++17";
				CLANG_CXX_LIBRARY = "libc++";
				CLANG_ENABLE_MODULES = YES;
				CLANG_ENABLE_OBJC_ARC = YES;
				CLANG_ENABLE_OBJC_WEAK = YES;
				CLANG_WARN_BLOCK_CAPTURE_AUTORELEASING = YES;
				CLANG_WARN_BOOL_CONVERSION = YES;
				CLANG_WARN_COMMA = YES;
				CLANG_WARN_CONSTANT_CONVERSION = YES;
				CLANG_WARN_DEPRECATED_OBJC_IMPLEMENTATIONS = YES;
				CLANG_WARN_DIRECT_OBJC_ISA_USAGE = YES_ERROR;
				CLANG_WARN_DOCUMENTATION_COMMENTS = YES;
				CLANG_WARN_EMPTY_BODY = YES;
				CLANG_WARN_ENUM_CONVERSION = YES;
				CLANG_WARN_INFINITE_RECURSION = YES;
				CLANG_WARN_INT_CONVERSION = YES;
				CLANG_WARN_NON_LITERAL_NULL_CONVERSION = YES;
				CLANG_WARN_OBJC_IMPLICIT_RETAIN_SELF = YES;
				CLANG_WARN_OBJC_LITERAL_CONVERSION = YES;
				CLANG_WARN_OBJC_ROOT_CLASS = YES_ERROR;
				CLANG_WARN_QUOTED_INCLUDE_IN_FRAMEWORK_HEADER = YES;
				CLANG_WARN_RANGE_LOOP_ANALYSIS = YES;
				CLANG_WARN_STRICT_PROTOTYPES = YES;
				CLANG_WARN_SUSPICIOUS_MOVE = YES;
				CLANG_WARN_UNGUARDED_AVAILABILITY = YES_AGGRESSIVE;
				CLANG_WARN_UNREACHABLE_CODE = YES;
				CLANG_WARN__DUPLICATE_METHOD_MATCH = YES;
				COPY_PHASE_STRIP = NO;
				DEBUG_INFORMATION_FORMAT = dwarf;
				ENABLE_STRICT_OBJC_MSGSEND = YES;
				ENABLE_TESTABILITY = YES;
				GCC_C_LANGUAGE_STANDARD = gnu11;
				GCC_DYNAMIC_NO_PIC = NO;
				GCC_NO_COMMON_BLOCKS = YES;
				GCC_OPTIMIZATION_LEVEL = 0;
				GCC_PREPROCESSOR_DEFINITIONS = (
					"DEBUG=1",
					"$(inherited)",
				);
				GCC_WARN_64_TO_32_BIT_CONVERSION = YES;
				GCC_WARN_ABOUT_RETURN_TYPE = YES_ERROR;
				GCC_WARN_UNDECLARED_SELECTOR = YES;
				GCC_WARN_UNINITIALIZED_AUTOS = YES_AGGRESSIVE;
				GCC_WARN_UNUSED_FUNCTION = YES;
				GCC_WARN_UNUSED_VARIABLE = YES;
				IPHONEOS_DEPLOYMENT_TARGET = 15.0;
				MTL_ENABLE_DEBUG_INFO = INCLUDE_SOURCE;
				MTL_FAST_MATH = YES;
				ONLY_ACTIVE_ARCH = YES;
				SDKROOT = iphoneos;
				SWIFT_ACTIVE_COMPILATION_CONDITIONS = DEBUG;
				SWIFT_OPTIMIZATION_LEVEL = "-Onone";
			};
			name = Debug;
		};
		DD62F4EB27C769CE005A5D0B /* Release */ = {
			isa = XCBuildConfiguration;
			buildSettings = {
				ALWAYS_SEARCH_USER_PATHS = NO;
				CLANG_ANALYZER_NONNULL = YES;
				CLANG_ANALYZER_NUMBER_OBJECT_CONVERSION = YES_AGGRESSIVE;
				CLANG_CXX_LANGUAGE_STANDARD = "gnu++17";
				CLANG_CXX_LIBRARY = "libc++";
				CLANG_ENABLE_MODULES = YES;
				CLANG_ENABLE_OBJC_ARC = YES;
				CLANG_ENABLE_OBJC_WEAK = YES;
				CLANG_WARN_BLOCK_CAPTURE_AUTORELEASING = YES;
				CLANG_WARN_BOOL_CONVERSION = YES;
				CLANG_WARN_COMMA = YES;
				CLANG_WARN_CONSTANT_CONVERSION = YES;
				CLANG_WARN_DEPRECATED_OBJC_IMPLEMENTATIONS = YES;
				CLANG_WARN_DIRECT_OBJC_ISA_USAGE = YES_ERROR;
				CLANG_WARN_DOCUMENTATION_COMMENTS = YES;
				CLANG_WARN_EMPTY_BODY = YES;
				CLANG_WARN_ENUM_CONVERSION = YES;
				CLANG_WARN_INFINITE_RECURSION = YES;
				CLANG_WARN_INT_CONVERSION = YES;
				CLANG_WARN_NON_LITERAL_NULL_CONVERSION = YES;
				CLANG_WARN_OBJC_IMPLICIT_RETAIN_SELF = YES;
				CLANG_WARN_OBJC_LITERAL_CONVERSION = YES;
				CLANG_WARN_OBJC_ROOT_CLASS = YES_ERROR;
				CLANG_WARN_QUOTED_INCLUDE_IN_FRAMEWORK_HEADER = YES;
				CLANG_WARN_RANGE_LOOP_ANALYSIS = YES;
				CLANG_WARN_STRICT_PROTOTYPES = YES;
				CLANG_WARN_SUSPICIOUS_MOVE = YES;
				CLANG_WARN_UNGUARDED_AVAILABILITY = YES_AGGRESSIVE;
				CLANG_WARN_UNREACHABLE_CODE = YES;
				CLANG_WARN__DUPLICATE_METHOD_MATCH = YES;
				COPY_PHASE_STRIP = NO;
				DEBUG_INFORMATION_FORMAT = "dwarf-with-dsym";
				ENABLE_NS_ASSERTIONS = NO;
				ENABLE_STRICT_OBJC_MSGSEND = YES;
				GCC_C_LANGUAGE_STANDARD = gnu11;
				GCC_NO_COMMON_BLOCKS = YES;
				GCC_WARN_64_TO_32_BIT_CONVERSION = YES;
				GCC_WARN_ABOUT_RETURN_TYPE = YES_ERROR;
				GCC_WARN_UNDECLARED_SELECTOR = YES;
				GCC_WARN_UNINITIALIZED_AUTOS = YES_AGGRESSIVE;
				GCC_WARN_UNUSED_FUNCTION = YES;
				GCC_WARN_UNUSED_VARIABLE = YES;
				IPHONEOS_DEPLOYMENT_TARGET = 15.0;
				MTL_ENABLE_DEBUG_INFO = NO;
				MTL_FAST_MATH = YES;
				SDKROOT = iphoneos;
				SWIFT_COMPILATION_MODE = wholemodule;
				SWIFT_OPTIMIZATION_LEVEL = "-O";
				VALIDATE_PRODUCT = YES;
			};
			name = Release;
		};
		DD62F4ED27C769CE005A5D0B /* Debug */ = {
			isa = XCBuildConfiguration;
			buildSettings = {
				ASSETCATALOG_COMPILER_APPICON_NAME = AppIcon;
				ASSETCATALOG_COMPILER_GLOBAL_ACCENT_COLOR_NAME = AccentColor;
				CODE_SIGN_STYLE = Automatic;
				CURRENT_PROJECT_VERSION = 5;
				DEVELOPMENT_ASSET_PATHS = "\"BlackCandy/Preview Content\"";
				DEVELOPMENT_TEAM = G8A3H8HY7R;
				ENABLE_PREVIEWS = YES;
				GENERATE_INFOPLIST_FILE = YES;
				INFOPLIST_FILE = BlackCandy/Info.plist;
				INFOPLIST_KEY_UIApplicationSupportsIndirectInputEvents = YES;
				INFOPLIST_KEY_UISupportedInterfaceOrientations = UIInterfaceOrientationPortrait;
				INFOPLIST_KEY_UISupportedInterfaceOrientations_iPad = "UIInterfaceOrientationLandscapeLeft UIInterfaceOrientationLandscapeRight UIInterfaceOrientationPortrait UIInterfaceOrientationPortraitUpsideDown";
				IPHONEOS_DEPLOYMENT_TARGET = 15.0;
				LD_RUNPATH_SEARCH_PATHS = (
					"$(inherited)",
					"@executable_path/Frameworks",
				);
				MARKETING_VERSION = 1.0.0;
				PRODUCT_BUNDLE_IDENTIFIER = com.aidewooode.BlackCandy;
				PRODUCT_NAME = "$(TARGET_NAME)";
				SUPPORTED_PLATFORMS = "iphoneos iphonesimulator";
				SUPPORTS_MACCATALYST = NO;
				SUPPORTS_MAC_DESIGNED_FOR_IPHONE_IPAD = NO;
				SWIFT_EMIT_LOC_STRINGS = YES;
				SWIFT_VERSION = 5.0;
				TARGETED_DEVICE_FAMILY = "1,2";
			};
			name = Debug;
		};
		DD62F4EE27C769CE005A5D0B /* Release */ = {
			isa = XCBuildConfiguration;
			buildSettings = {
				ASSETCATALOG_COMPILER_APPICON_NAME = AppIcon;
				ASSETCATALOG_COMPILER_GLOBAL_ACCENT_COLOR_NAME = AccentColor;
				CODE_SIGN_STYLE = Automatic;
				CURRENT_PROJECT_VERSION = 5;
				DEVELOPMENT_ASSET_PATHS = "\"BlackCandy/Preview Content\"";
				DEVELOPMENT_TEAM = G8A3H8HY7R;
				ENABLE_PREVIEWS = YES;
				GENERATE_INFOPLIST_FILE = YES;
				INFOPLIST_FILE = BlackCandy/Info.plist;
				INFOPLIST_KEY_UIApplicationSupportsIndirectInputEvents = YES;
				INFOPLIST_KEY_UISupportedInterfaceOrientations = UIInterfaceOrientationPortrait;
				INFOPLIST_KEY_UISupportedInterfaceOrientations_iPad = "UIInterfaceOrientationLandscapeLeft UIInterfaceOrientationLandscapeRight UIInterfaceOrientationPortrait UIInterfaceOrientationPortraitUpsideDown";
				IPHONEOS_DEPLOYMENT_TARGET = 15.0;
				LD_RUNPATH_SEARCH_PATHS = (
					"$(inherited)",
					"@executable_path/Frameworks",
				);
				MARKETING_VERSION = 1.0.0;
				PRODUCT_BUNDLE_IDENTIFIER = com.aidewooode.BlackCandy;
				PRODUCT_NAME = "$(TARGET_NAME)";
				SUPPORTED_PLATFORMS = "iphoneos iphonesimulator";
				SUPPORTS_MACCATALYST = NO;
				SUPPORTS_MAC_DESIGNED_FOR_IPHONE_IPAD = NO;
				SWIFT_EMIT_LOC_STRINGS = YES;
				SWIFT_VERSION = 5.0;
				TARGETED_DEVICE_FAMILY = "1,2";
			};
			name = Release;
		};
		DD62F4F027C769CE005A5D0B /* Debug */ = {
			isa = XCBuildConfiguration;
			buildSettings = {
				ALWAYS_EMBED_SWIFT_STANDARD_LIBRARIES = YES;
				BUNDLE_LOADER = "$(TEST_HOST)";
				CODE_SIGN_STYLE = Automatic;
				CURRENT_PROJECT_VERSION = 5;
				DEVELOPMENT_TEAM = G8A3H8HY7R;
				GENERATE_INFOPLIST_FILE = YES;
				IPHONEOS_DEPLOYMENT_TARGET = 15.2;
				MARKETING_VERSION = 1.0;
				PRODUCT_BUNDLE_IDENTIFIER = com.aidewooode.BlackCandyTests;
				PRODUCT_NAME = "$(TARGET_NAME)";
				SWIFT_EMIT_LOC_STRINGS = NO;
				SWIFT_VERSION = 5.0;
				TARGETED_DEVICE_FAMILY = "1,2";
				TEST_HOST = "$(BUILT_PRODUCTS_DIR)/BlackCandy.app/BlackCandy";
			};
			name = Debug;
		};
		DD62F4F127C769CE005A5D0B /* Release */ = {
			isa = XCBuildConfiguration;
			buildSettings = {
				ALWAYS_EMBED_SWIFT_STANDARD_LIBRARIES = YES;
				BUNDLE_LOADER = "$(TEST_HOST)";
				CODE_SIGN_STYLE = Automatic;
				CURRENT_PROJECT_VERSION = 5;
				DEVELOPMENT_TEAM = G8A3H8HY7R;
				GENERATE_INFOPLIST_FILE = YES;
				IPHONEOS_DEPLOYMENT_TARGET = 15.2;
				MARKETING_VERSION = 1.0;
				PRODUCT_BUNDLE_IDENTIFIER = com.aidewooode.BlackCandyTests;
				PRODUCT_NAME = "$(TARGET_NAME)";
				SWIFT_EMIT_LOC_STRINGS = NO;
				SWIFT_VERSION = 5.0;
				TARGETED_DEVICE_FAMILY = "1,2";
				TEST_HOST = "$(BUILT_PRODUCTS_DIR)/BlackCandy.app/BlackCandy";
			};
			name = Release;
		};
		DD62F4F327C769CE005A5D0B /* Debug */ = {
			isa = XCBuildConfiguration;
			buildSettings = {
				ALWAYS_EMBED_SWIFT_STANDARD_LIBRARIES = YES;
				CODE_SIGN_STYLE = Automatic;
				CURRENT_PROJECT_VERSION = 5;
				DEVELOPMENT_TEAM = G8A3H8HY7R;
				GENERATE_INFOPLIST_FILE = YES;
				MARKETING_VERSION = 1.0;
				PRODUCT_BUNDLE_IDENTIFIER = com.aidewooode.BlackCandyUITests;
				PRODUCT_NAME = "$(TARGET_NAME)";
				SWIFT_EMIT_LOC_STRINGS = NO;
				SWIFT_VERSION = 5.0;
				TARGETED_DEVICE_FAMILY = "1,2";
				TEST_TARGET_NAME = BlackCandy;
			};
			name = Debug;
		};
		DD62F4F427C769CE005A5D0B /* Release */ = {
			isa = XCBuildConfiguration;
			buildSettings = {
				ALWAYS_EMBED_SWIFT_STANDARD_LIBRARIES = YES;
				CODE_SIGN_STYLE = Automatic;
				CURRENT_PROJECT_VERSION = 5;
				DEVELOPMENT_TEAM = G8A3H8HY7R;
				GENERATE_INFOPLIST_FILE = YES;
				MARKETING_VERSION = 1.0;
				PRODUCT_BUNDLE_IDENTIFIER = com.aidewooode.BlackCandyUITests;
				PRODUCT_NAME = "$(TARGET_NAME)";
				SWIFT_EMIT_LOC_STRINGS = NO;
				SWIFT_VERSION = 5.0;
				TARGETED_DEVICE_FAMILY = "1,2";
				TEST_TARGET_NAME = BlackCandy;
			};
			name = Release;
		};
/* End XCBuildConfiguration section */

/* Begin XCConfigurationList section */
		DD62F4C327C769CC005A5D0B /* Build configuration list for PBXProject "BlackCandy" */ = {
			isa = XCConfigurationList;
			buildConfigurations = (
				DD62F4EA27C769CE005A5D0B /* Debug */,
				DD62F4EB27C769CE005A5D0B /* Release */,
			);
			defaultConfigurationIsVisible = 0;
			defaultConfigurationName = Release;
		};
		DD62F4EC27C769CE005A5D0B /* Build configuration list for PBXNativeTarget "BlackCandy" */ = {
			isa = XCConfigurationList;
			buildConfigurations = (
				DD62F4ED27C769CE005A5D0B /* Debug */,
				DD62F4EE27C769CE005A5D0B /* Release */,
			);
			defaultConfigurationIsVisible = 0;
			defaultConfigurationName = Release;
		};
		DD62F4EF27C769CE005A5D0B /* Build configuration list for PBXNativeTarget "BlackCandyTests" */ = {
			isa = XCConfigurationList;
			buildConfigurations = (
				DD62F4F027C769CE005A5D0B /* Debug */,
				DD62F4F127C769CE005A5D0B /* Release */,
			);
			defaultConfigurationIsVisible = 0;
			defaultConfigurationName = Release;
		};
		DD62F4F227C769CE005A5D0B /* Build configuration list for PBXNativeTarget "BlackCandyUITests" */ = {
			isa = XCConfigurationList;
			buildConfigurations = (
				DD62F4F327C769CE005A5D0B /* Debug */,
				DD62F4F427C769CE005A5D0B /* Release */,
			);
			defaultConfigurationIsVisible = 0;
			defaultConfigurationName = Release;
		};
/* End XCConfigurationList section */

/* Begin XCRemoteSwiftPackageReference section */
		646315232971A2900016EBCA /* XCRemoteSwiftPackageReference "LNPopupController" */ = {
			isa = XCRemoteSwiftPackageReference;
			repositoryURL = "https://github.com/LeoNatan/LNPopupController";
			requirement = {
				kind = upToNextMinorVersion;
				minimumVersion = 2.14.0;
			};
		};
		648AA714299F6D8F002EED64 /* XCRemoteSwiftPackageReference "OHHTTPStubs" */ = {
			isa = XCRemoteSwiftPackageReference;
			repositoryURL = "https://github.com/AliSoftware/OHHTTPStubs";
			requirement = {
				kind = upToNextMinorVersion;
				minimumVersion = 9.1.0;
			};
		};
		DD62F4F527C76C13005A5D0B /* XCRemoteSwiftPackageReference "turbo-ios" */ = {
			isa = XCRemoteSwiftPackageReference;
			repositoryURL = "https://github.com/hotwired/turbo-ios";
			requirement = {
				branch = main;
				kind = branch;
			};
		};
		DD6E0EA12884FEE100F39DB3 /* XCRemoteSwiftPackageReference "swift-composable-architecture" */ = {
			isa = XCRemoteSwiftPackageReference;
			repositoryURL = "https://github.com/pointfreeco/swift-composable-architecture";
			requirement = {
				kind = upToNextMinorVersion;
				minimumVersion = 0.50.0;
			};
		};
		DD83970928DC043000BC8C11 /* XCRemoteSwiftPackageReference "Alamofire" */ = {
			isa = XCRemoteSwiftPackageReference;
			repositoryURL = "https://github.com/Alamofire/Alamofire";
			requirement = {
				kind = upToNextMinorVersion;
				minimumVersion = 5.6.0;
			};
		};
/* End XCRemoteSwiftPackageReference section */

/* Begin XCSwiftPackageProductDependency section */
		646315242971A2910016EBCA /* LNPopupController */ = {
			isa = XCSwiftPackageProductDependency;
			package = 646315232971A2900016EBCA /* XCRemoteSwiftPackageReference "LNPopupController" */;
			productName = LNPopupController;
		};
		648AA715299F6D8F002EED64 /* OHHTTPStubsSwift */ = {
			isa = XCSwiftPackageProductDependency;
			package = 648AA714299F6D8F002EED64 /* XCRemoteSwiftPackageReference "OHHTTPStubs" */;
			productName = OHHTTPStubsSwift;
		};
		DD62F4F627C76C13005A5D0B /* Turbo */ = {
			isa = XCSwiftPackageProductDependency;
			package = DD62F4F527C76C13005A5D0B /* XCRemoteSwiftPackageReference "turbo-ios" */;
			productName = Turbo;
		};
		DD6E0EA22884FEE100F39DB3 /* ComposableArchitecture */ = {
			isa = XCSwiftPackageProductDependency;
			package = DD6E0EA12884FEE100F39DB3 /* XCRemoteSwiftPackageReference "swift-composable-architecture" */;
			productName = ComposableArchitecture;
		};
		DD83970A28DC043000BC8C11 /* Alamofire */ = {
			isa = XCSwiftPackageProductDependency;
			package = DD83970928DC043000BC8C11 /* XCRemoteSwiftPackageReference "Alamofire" */;
			productName = Alamofire;
		};
/* End XCSwiftPackageProductDependency section */
	};
	rootObject = DD62F4C027C769CC005A5D0B /* Project object */;
}
