// !$*UTF8*$!
{
	archiveVersion = 1;
	classes = {
	};
	objectVersion = 55;
	objects = {

/* Begin PBXBuildFile section */
		94662F8F27B3838B00D4E170 /* AppDelegate.swift in Sources */ = {isa = PBXBuildFile; fileRef = 94662F8E27B3838B00D4E170 /* AppDelegate.swift */; };
		94662F9127B3838B00D4E170 /* SceneDelegate.swift in Sources */ = {isa = PBXBuildFile; fileRef = 94662F9027B3838B00D4E170 /* SceneDelegate.swift */; };
		94662F9327B3838B00D4E170 /* ViewController.swift in Sources */ = {isa = PBXBuildFile; fileRef = 94662F9227B3838B00D4E170 /* ViewController.swift */; };
		94662F9627B3838B00D4E170 /* Main.storyboard in Resources */ = {isa = PBXBuildFile; fileRef = 94662F9427B3838B00D4E170 /* Main.storyboard */; };
		94662F9827B3838E00D4E170 /* Assets.xcassets in Resources */ = {isa = PBXBuildFile; fileRef = 94662F9727B3838E00D4E170 /* Assets.xcassets */; };
		94662F9B27B3838E00D4E170 /* LaunchScreen.storyboard in Resources */ = {isa = PBXBuildFile; fileRef = 94662F9927B3838E00D4E170 /* LaunchScreen.storyboard */; };
		94F5709427B62284001E8EBB /* Turbo in Frameworks */ = {isa = PBXBuildFile; productRef = 94F5709327B62284001E8EBB /* Turbo */; };
		94F8337927B646A40023C69E /* TurboNavigationController.swift in Sources */ = {isa = PBXBuildFile; fileRef = 94F8337827B646A40023C69E /* TurboNavigationController.swift */; };
/* End PBXBuildFile section */

/* Begin PBXFileReference section */
		94662F8B27B3838B00D4E170 /* black_candy.app */ = {isa = PBXFileReference; explicitFileType = wrapper.application; includeInIndex = 0; path = black_candy.app; sourceTree = BUILT_PRODUCTS_DIR; };
		94662F8E27B3838B00D4E170 /* AppDelegate.swift */ = {isa = PBXFileReference; lastKnownFileType = sourcecode.swift; path = AppDelegate.swift; sourceTree = "<group>"; };
		94662F9027B3838B00D4E170 /* SceneDelegate.swift */ = {isa = PBXFileReference; lastKnownFileType = sourcecode.swift; path = SceneDelegate.swift; sourceTree = "<group>"; };
		94662F9227B3838B00D4E170 /* ViewController.swift */ = {isa = PBXFileReference; lastKnownFileType = sourcecode.swift; path = ViewController.swift; sourceTree = "<group>"; };
		94662F9527B3838B00D4E170 /* Base */ = {isa = PBXFileReference; lastKnownFileType = file.storyboard; name = Base; path = Base.lproj/Main.storyboard; sourceTree = "<group>"; };
		94662F9727B3838E00D4E170 /* Assets.xcassets */ = {isa = PBXFileReference; lastKnownFileType = folder.assetcatalog; path = Assets.xcassets; sourceTree = "<group>"; };
		94662F9A27B3838E00D4E170 /* Base */ = {isa = PBXFileReference; lastKnownFileType = file.storyboard; name = Base; path = Base.lproj/LaunchScreen.storyboard; sourceTree = "<group>"; };
		94662F9C27B3838E00D4E170 /* Info.plist */ = {isa = PBXFileReference; lastKnownFileType = text.plist.xml; path = Info.plist; sourceTree = "<group>"; };
		94F8337827B646A40023C69E /* TurboNavigationController.swift */ = {isa = PBXFileReference; lastKnownFileType = sourcecode.swift; path = TurboNavigationController.swift; sourceTree = "<group>"; };
/* End PBXFileReference section */

/* Begin PBXFrameworksBuildPhase section */
		94662F8827B3838B00D4E170 /* Frameworks */ = {
			isa = PBXFrameworksBuildPhase;
			buildActionMask = 2147483647;
			files = (
				94F5709427B62284001E8EBB /* Turbo in Frameworks */,
			);
			runOnlyForDeploymentPostprocessing = 0;
		};
/* End PBXFrameworksBuildPhase section */

/* Begin PBXGroup section */
		94662F8227B3838B00D4E170 = {
			isa = PBXGroup;
			children = (
				94DF88CA27B38FF60042D442 /* Packages */,
				94662F8D27B3838B00D4E170 /* black_candy */,
				94662F8C27B3838B00D4E170 /* Products */,
			);
			indentWidth = 2;
			sourceTree = "<group>";
			tabWidth = 2;
		};
		94662F8C27B3838B00D4E170 /* Products */ = {
			isa = PBXGroup;
			children = (
				94662F8B27B3838B00D4E170 /* black_candy.app */,
			);
			name = Products;
			sourceTree = "<group>";
		};
		94662F8D27B3838B00D4E170 /* black_candy */ = {
			isa = PBXGroup;
			children = (
				94662F8E27B3838B00D4E170 /* AppDelegate.swift */,
				94662F9027B3838B00D4E170 /* SceneDelegate.swift */,
				94662F9227B3838B00D4E170 /* ViewController.swift */,
				94662F9427B3838B00D4E170 /* Main.storyboard */,
				94662F9727B3838E00D4E170 /* Assets.xcassets */,
				94662F9927B3838E00D4E170 /* LaunchScreen.storyboard */,
				94662F9C27B3838E00D4E170 /* Info.plist */,
				94F8337827B646A40023C69E /* TurboNavigationController.swift */,
			);
			path = black_candy;
			sourceTree = "<group>";
		};
		94DF88CA27B38FF60042D442 /* Packages */ = {
			isa = PBXGroup;
			children = (
			);
			name = Packages;
			sourceTree = "<group>";
		};
/* End PBXGroup section */

/* Begin PBXNativeTarget section */
		94662F8A27B3838B00D4E170 /* black_candy */ = {
			isa = PBXNativeTarget;
			buildConfigurationList = 94662F9F27B3838E00D4E170 /* Build configuration list for PBXNativeTarget "black_candy" */;
			buildPhases = (
				94662F8727B3838B00D4E170 /* Sources */,
				94662F8827B3838B00D4E170 /* Frameworks */,
				94662F8927B3838B00D4E170 /* Resources */,
			);
			buildRules = (
			);
			dependencies = (
			);
			name = black_candy;
			packageProductDependencies = (
				94F5709327B62284001E8EBB /* Turbo */,
			);
			productName = black_candy;
			productReference = 94662F8B27B3838B00D4E170 /* black_candy.app */;
			productType = "com.apple.product-type.application";
		};
/* End PBXNativeTarget section */

/* Begin PBXProject section */
		94662F8327B3838B00D4E170 /* Project object */ = {
			isa = PBXProject;
			attributes = {
				BuildIndependentTargetsInParallel = 1;
				LastSwiftUpdateCheck = 1320;
				LastUpgradeCheck = 1320;
				TargetAttributes = {
					94662F8A27B3838B00D4E170 = {
						CreatedOnToolsVersion = 13.2.1;
					};
				};
			};
			buildConfigurationList = 94662F8627B3838B00D4E170 /* Build configuration list for PBXProject "black_candy" */;
			compatibilityVersion = "Xcode 13.0";
			developmentRegion = en;
			hasScannedForEncodings = 0;
			knownRegions = (
				en,
				Base,
			);
			mainGroup = 94662F8227B3838B00D4E170;
			packageReferences = (
				94F5709227B62284001E8EBB /* XCRemoteSwiftPackageReference "turbo-ios" */,
			);
			productRefGroup = 94662F8C27B3838B00D4E170 /* Products */;
			projectDirPath = "";
			projectRoot = "";
			targets = (
				94662F8A27B3838B00D4E170 /* black_candy */,
			);
		};
/* End PBXProject section */

/* Begin PBXResourcesBuildPhase section */
		94662F8927B3838B00D4E170 /* Resources */ = {
			isa = PBXResourcesBuildPhase;
			buildActionMask = 2147483647;
			files = (
				94662F9B27B3838E00D4E170 /* LaunchScreen.storyboard in Resources */,
				94662F9827B3838E00D4E170 /* Assets.xcassets in Resources */,
				94662F9627B3838B00D4E170 /* Main.storyboard in Resources */,
			);
			runOnlyForDeploymentPostprocessing = 0;
		};
/* End PBXResourcesBuildPhase section */

/* Begin PBXSourcesBuildPhase section */
		94662F8727B3838B00D4E170 /* Sources */ = {
			isa = PBXSourcesBuildPhase;
			buildActionMask = 2147483647;
			files = (
				94662F9327B3838B00D4E170 /* ViewController.swift in Sources */,
				94662F8F27B3838B00D4E170 /* AppDelegate.swift in Sources */,
				94F8337927B646A40023C69E /* TurboNavigationController.swift in Sources */,
				94662F9127B3838B00D4E170 /* SceneDelegate.swift in Sources */,
			);
			runOnlyForDeploymentPostprocessing = 0;
		};
/* End PBXSourcesBuildPhase section */

/* Begin PBXVariantGroup section */
		94662F9427B3838B00D4E170 /* Main.storyboard */ = {
			isa = PBXVariantGroup;
			children = (
				94662F9527B3838B00D4E170 /* Base */,
			);
			name = Main.storyboard;
			sourceTree = "<group>";
		};
		94662F9927B3838E00D4E170 /* LaunchScreen.storyboard */ = {
			isa = PBXVariantGroup;
			children = (
				94662F9A27B3838E00D4E170 /* Base */,
			);
			name = LaunchScreen.storyboard;
			sourceTree = "<group>";
		};
/* End PBXVariantGroup section */

/* Begin XCBuildConfiguration section */
		94662F9D27B3838E00D4E170 /* Debug */ = {
			isa = XCBuildConfiguration;
			buildSettings = {
				ALWAYS_SEARCH_USER_PATHS = NO;
				CLANG_ANALYZER_NONNULL = YES;
				CLANG_ANALYZER_NUMBER_OBJECT_CONVERSION = YES_AGGRESSIVE;
				CLANG_CXX_LANGUAGE_STANDARD = "gnu++17";
				CLANG_CXX_LIBRARY = "libc++";
				CLANG_ENABLE_MODULES = YES;
				CLANG_ENABLE_OBJC_ARC = YES;
				CLANG_ENABLE_OBJC_WEAK = YES;
				CLANG_WARN_BLOCK_CAPTURE_AUTORELEASING = YES;
				CLANG_WARN_BOOL_CONVERSION = YES;
				CLANG_WARN_COMMA = YES;
				CLANG_WARN_CONSTANT_CONVERSION = YES;
				CLANG_WARN_DEPRECATED_OBJC_IMPLEMENTATIONS = YES;
				CLANG_WARN_DIRECT_OBJC_ISA_USAGE = YES_ERROR;
				CLANG_WARN_DOCUMENTATION_COMMENTS = YES;
				CLANG_WARN_EMPTY_BODY = YES;
				CLANG_WARN_ENUM_CONVERSION = YES;
				CLANG_WARN_INFINITE_RECURSION = YES;
				CLANG_WARN_INT_CONVERSION = YES;
				CLANG_WARN_NON_LITERAL_NULL_CONVERSION = YES;
				CLANG_WARN_OBJC_IMPLICIT_RETAIN_SELF = YES;
				CLANG_WARN_OBJC_LITERAL_CONVERSION = YES;
				CLANG_WARN_OBJC_ROOT_CLASS = YES_ERROR;
				CLANG_WARN_QUOTED_INCLUDE_IN_FRAMEWORK_HEADER = YES;
				CLANG_WARN_RANGE_LOOP_ANALYSIS = YES;
				CLANG_WARN_STRICT_PROTOTYPES = YES;
				CLANG_WARN_SUSPICIOUS_MOVE = YES;
				CLANG_WARN_UNGUARDED_AVAILABILITY = YES_AGGRESSIVE;
				CLANG_WARN_UNREACHABLE_CODE = YES;
				CLANG_WARN__DUPLICATE_METHOD_MATCH = YES;
				COPY_PHASE_STRIP = NO;
				DEBUG_INFORMATION_FORMAT = dwarf;
				ENABLE_STRICT_OBJC_MSGSEND = YES;
				ENABLE_TESTABILITY = YES;
				GCC_C_LANGUAGE_STANDARD = gnu11;
				GCC_DYNAMIC_NO_PIC = NO;
				GCC_NO_COMMON_BLOCKS = YES;
				GCC_OPTIMIZATION_LEVEL = 0;
				GCC_PREPROCESSOR_DEFINITIONS = (
					"DEBUG=1",
					"$(inherited)",
				);
				GCC_WARN_64_TO_32_BIT_CONVERSION = YES;
				GCC_WARN_ABOUT_RETURN_TYPE = YES_ERROR;
				GCC_WARN_UNDECLARED_SELECTOR = YES;
				GCC_WARN_UNINITIALIZED_AUTOS = YES_AGGRESSIVE;
				GCC_WARN_UNUSED_FUNCTION = YES;
				GCC_WARN_UNUSED_VARIABLE = YES;
				IPHONEOS_DEPLOYMENT_TARGET = 15.2;
				MTL_ENABLE_DEBUG_INFO = INCLUDE_SOURCE;
				MTL_FAST_MATH = YES;
				ONLY_ACTIVE_ARCH = YES;
				SDKROOT = iphoneos;
				SWIFT_ACTIVE_COMPILATION_CONDITIONS = DEBUG;
				SWIFT_OPTIMIZATION_LEVEL = "-Onone";
			};
			name = Debug;
		};
		94662F9E27B3838E00D4E170 /* Release */ = {
			isa = XCBuildConfiguration;
			buildSettings = {
				ALWAYS_SEARCH_USER_PATHS = NO;
				CLANG_ANALYZER_NONNULL = YES;
				CLANG_ANALYZER_NUMBER_OBJECT_CONVERSION = YES_AGGRESSIVE;
				CLANG_CXX_LANGUAGE_STANDARD = "gnu++17";
				CLANG_CXX_LIBRARY = "libc++";
				CLANG_ENABLE_MODULES = YES;
				CLANG_ENABLE_OBJC_ARC = YES;
				CLANG_ENABLE_OBJC_WEAK = YES;
				CLANG_WARN_BLOCK_CAPTURE_AUTORELEASING = YES;
				CLANG_WARN_BOOL_CONVERSION = YES;
				CLANG_WARN_COMMA = YES;
				CLANG_WARN_CONSTANT_CONVERSION = YES;
				CLANG_WARN_DEPRECATED_OBJC_IMPLEMENTATIONS = YES;
				CLANG_WARN_DIRECT_OBJC_ISA_USAGE = YES_ERROR;
				CLANG_WARN_DOCUMENTATION_COMMENTS = YES;
				CLANG_WARN_EMPTY_BODY = YES;
				CLANG_WARN_ENUM_CONVERSION = YES;
				CLANG_WARN_INFINITE_RECURSION = YES;
				CLANG_WARN_INT_CONVERSION = YES;
				CLANG_WARN_NON_LITERAL_NULL_CONVERSION = YES;
				CLANG_WARN_OBJC_IMPLICIT_RETAIN_SELF = YES;
				CLANG_WARN_OBJC_LITERAL_CONVERSION = YES;
				CLANG_WARN_OBJC_ROOT_CLASS = YES_ERROR;
				CLANG_WARN_QUOTED_INCLUDE_IN_FRAMEWORK_HEADER = YES;
				CLANG_WARN_RANGE_LOOP_ANALYSIS = YES;
				CLANG_WARN_STRICT_PROTOTYPES = YES;
				CLANG_WARN_SUSPICIOUS_MOVE = YES;
				CLANG_WARN_UNGUARDED_AVAILABILITY = YES_AGGRESSIVE;
				CLANG_WARN_UNREACHABLE_CODE = YES;
				CLANG_WARN__DUPLICATE_METHOD_MATCH = YES;
				COPY_PHASE_STRIP = NO;
				DEBUG_INFORMATION_FORMAT = "dwarf-with-dsym";
				ENABLE_NS_ASSERTIONS = NO;
				ENABLE_STRICT_OBJC_MSGSEND = YES;
				GCC_C_LANGUAGE_STANDARD = gnu11;
				GCC_NO_COMMON_BLOCKS = YES;
				GCC_WARN_64_TO_32_BIT_CONVERSION = YES;
				GCC_WARN_ABOUT_RETURN_TYPE = YES_ERROR;
				GCC_WARN_UNDECLARED_SELECTOR = YES;
				GCC_WARN_UNINITIALIZED_AUTOS = YES_AGGRESSIVE;
				GCC_WARN_UNUSED_FUNCTION = YES;
				GCC_WARN_UNUSED_VARIABLE = YES;
				IPHONEOS_DEPLOYMENT_TARGET = 15.2;
				MTL_ENABLE_DEBUG_INFO = NO;
				MTL_FAST_MATH = YES;
				SDKROOT = iphoneos;
				SWIFT_COMPILATION_MODE = wholemodule;
				SWIFT_OPTIMIZATION_LEVEL = "-O";
				VALIDATE_PRODUCT = YES;
			};
			name = Release;
		};
		94662FA027B3838E00D4E170 /* Debug */ = {
			isa = XCBuildConfiguration;
			buildSettings = {
				ASSETCATALOG_COMPILER_APPICON_NAME = AppIcon;
				ASSETCATALOG_COMPILER_GLOBAL_ACCENT_COLOR_NAME = AccentColor;
				CODE_SIGN_STYLE = Automatic;
				CURRENT_PROJECT_VERSION = 1;
				GENERATE_INFOPLIST_FILE = YES;
				INFOPLIST_FILE = black_candy/Info.plist;
				INFOPLIST_KEY_CFBundleDisplayName = "Black Candy";
				INFOPLIST_KEY_UIApplicationSupportsIndirectInputEvents = YES;
				INFOPLIST_KEY_UILaunchStoryboardName = LaunchScreen;
				INFOPLIST_KEY_UIMainStoryboardFile = Main;
				INFOPLIST_KEY_UISupportedInterfaceOrientations_iPad = "UIInterfaceOrientationPortrait UIInterfaceOrientationPortraitUpsideDown UIInterfaceOrientationLandscapeLeft UIInterfaceOrientationLandscapeRight";
				INFOPLIST_KEY_UISupportedInterfaceOrientations_iPhone = "UIInterfaceOrientationPortrait UIInterfaceOrientationLandscapeLeft UIInterfaceOrientationLandscapeRight";
				LD_RUNPATH_SEARCH_PATHS = (
					"$(inherited)",
					"@executable_path/Frameworks",
				);
				MARKETING_VERSION = 1.0;
				PRODUCT_BUNDLE_IDENTIFIER = "blackcandy.black-candy";
				PRODUCT_NAME = "$(TARGET_NAME)";
				SWIFT_EMIT_LOC_STRINGS = YES;
				SWIFT_VERSION = 5.0;
				TARGETED_DEVICE_FAMILY = "1,2";
			};
			name = Debug;
		};
		94662FA127B3838E00D4E170 /* Release */ = {
			isa = XCBuildConfiguration;
			buildSettings = {
				ASSETCATALOG_COMPILER_APPICON_NAME = AppIcon;
				ASSETCATALOG_COMPILER_GLOBAL_ACCENT_COLOR_NAME = AccentColor;
				CODE_SIGN_STYLE = Automatic;
				CURRENT_PROJECT_VERSION = 1;
				GENERATE_INFOPLIST_FILE = YES;
				INFOPLIST_FILE = black_candy/Info.plist;
				INFOPLIST_KEY_CFBundleDisplayName = "Black Candy";
				INFOPLIST_KEY_UIApplicationSupportsIndirectInputEvents = YES;
				INFOPLIST_KEY_UILaunchStoryboardName = LaunchScreen;
				INFOPLIST_KEY_UIMainStoryboardFile = Main;
				INFOPLIST_KEY_UISupportedInterfaceOrientations_iPad = "UIInterfaceOrientationPortrait UIInterfaceOrientationPortraitUpsideDown UIInterfaceOrientationLandscapeLeft UIInterfaceOrientationLandscapeRight";
				INFOPLIST_KEY_UISupportedInterfaceOrientations_iPhone = "UIInterfaceOrientationPortrait UIInterfaceOrientationLandscapeLeft UIInterfaceOrientationLandscapeRight";
				LD_RUNPATH_SEARCH_PATHS = (
					"$(inherited)",
					"@executable_path/Frameworks",
				);
				MARKETING_VERSION = 1.0;
				PRODUCT_BUNDLE_IDENTIFIER = "blackcandy.black-candy";
				PRODUCT_NAME = "$(TARGET_NAME)";
				SWIFT_EMIT_LOC_STRINGS = YES;
				SWIFT_VERSION = 5.0;
				TARGETED_DEVICE_FAMILY = "1,2";
			};
			name = Release;
		};
/* End XCBuildConfiguration section */

/* Begin XCConfigurationList section */
		94662F8627B3838B00D4E170 /* Build configuration list for PBXProject "black_candy" */ = {
			isa = XCConfigurationList;
			buildConfigurations = (
				94662F9D27B3838E00D4E170 /* Debug */,
				94662F9E27B3838E00D4E170 /* Release */,
			);
			defaultConfigurationIsVisible = 0;
			defaultConfigurationName = Release;
		};
		94662F9F27B3838E00D4E170 /* Build configuration list for PBXNativeTarget "black_candy" */ = {
			isa = XCConfigurationList;
			buildConfigurations = (
				94662FA027B3838E00D4E170 /* Debug */,
				94662FA127B3838E00D4E170 /* Release */,
			);
			defaultConfigurationIsVisible = 0;
			defaultConfigurationName = Release;
		};
/* End XCConfigurationList section */

/* Begin XCRemoteSwiftPackageReference section */
		94F5709227B62284001E8EBB /* XCRemoteSwiftPackageReference "turbo-ios" */ = {
			isa = XCRemoteSwiftPackageReference;
			repositoryURL = "https://github.com/hotwired/turbo-ios";
			requirement = {
				branch = main;
				kind = branch;
			};
		};
/* End XCRemoteSwiftPackageReference section */

/* Begin XCSwiftPackageProductDependency section */
		94F5709327B62284001E8EBB /* Turbo */ = {
			isa = XCSwiftPackageProductDependency;
			package = 94F5709227B62284001E8EBB /* XCRemoteSwiftPackageReference "turbo-ios" */;
			productName = Turbo;
		};
/* End XCSwiftPackageProductDependency section */
	};
	rootObject = 94662F8327B3838B00D4E170 /* Project object */;
}
